
Microsoft Visual Studio Solution File, Format Version 12.00
# Visual Studio Version 16
VisualStudioVersion = 16.0.29806.167
MinimumVisualStudioVersion = 10.0.40219.1
Project("{FAE04EC0-301F-11D3-BF4B-00C04F79EFBC}") = "DFT", "DFT\DFT.csproj", "{77CC677F-D697-4A98-831D-D5C0369D7D5A}"
EndProject
Project("{FAE04EC0-301F-11D3-BF4B-00C04F79EFBC}") = "UnitTestDFT", "UnitTestDFT\UnitTestDFT.csproj", "{598ADFFF-1D5F-49A5-A2E9-BD20560C8489}"
EndProject
Global
	GlobalSection(SolutionConfigurationPlatforms) = preSolution
		Debug|Any CPU = Debug|Any CPU
		Release|Any CPU = Release|Any CPU
	EndGlobalSection
	GlobalSection(ProjectConfigurationPlatforms) = postSolution
		{77CC677F-D697-4A98-831D-D5C0369D7D5A}.Debug|Any CPU.ActiveCfg = Debug|Any CPU
		{77CC677F-D697-4A98-831D-D5C0369D7D5A}.Debug|Any CPU.Build.0 = Debug|Any CPU
		{77CC677F-D697-4A98-831D-D5C0369D7D5A}.Release|Any CPU.ActiveCfg = Release|Any CPU
		{77CC677F-D697-4A98-831D-D5C0369D7D5A}.Release|Any CPU.Build.0 = Release|Any CPU
		{598ADFFF-1D5F-49A5-A2E9-BD20560C8489}.Debug|Any CPU.ActiveCfg = Debug|Any CPU
		{598ADFFF-1D5F-49A5-A2E9-BD20560C8489}.Debug|Any CPU.Build.0 = Debug|Any CPU
		{598ADFFF-1D5F-49A5-A2E9-BD20560C8489}.Release|Any CPU.ActiveCfg = Release|Any CPU
		{598ADFFF-1D5F-49A5-A2E9-BD20560C8489}.Release|Any CPU.Build.0 = Release|Any CPU
	EndGlobalSection
	GlobalSection(SolutionProperties) = preSolution
		HideSolutionNode = FALSE
	EndGlobalSection
	GlobalSection(ExtensibilityGlobals) = postSolution
		SolutionGuid = {54FEC7A4-DC1E-4D5A-B385-0CBC6EDCE5D2}
	EndGlobalSection
EndGlobal
